
Microsoft Visual Studio Solution File, Format Version 12.00
# Visual Studio Version 17
VisualStudioVersion = 17.8.34330.188
MinimumVisualStudioVersion = 10.0.40219.1
Project("{FAE04EC0-301F-11D3-BF4B-00C04F79EFBC}") = "StudentRegistrationSpan", "StudentRegistrationSpan\StudentRegistrationSpan.csproj", "{D070FE00-9090-4AB2-BF76-09BFF0D6DD75}"
EndProject
Global
	GlobalSection(SolutionConfigurationPlatforms) = preSolution
		Debug|Any CPU = Debug|Any CPU
		Release|Any CPU = Release|Any CPU
	EndGlobalSection
	GlobalSection(ProjectConfigurationPlatforms) = postSolution
		{D070FE00-9090-4AB2-BF76-09BFF0D6DD75}.Debug|Any CPU.ActiveCfg = Debug|Any CPU
		{D070FE00-9090-4AB2-BF76-09BFF0D6DD75}.Debug|Any CPU.Build.0 = Debug|Any CPU
		{D070FE00-9090-4AB2-BF76-09BFF0D6DD75}.Release|Any CPU.ActiveCfg = Release|Any CPU
		{D070FE00-9090-4AB2-BF76-09BFF0D6DD75}.Release|Any CPU.Build.0 = Release|Any CPU
	EndGlobalSection
	GlobalSection(SolutionProperties) = preSolution
		HideSolutionNode = FALSE
	EndGlobalSection
	GlobalSection(ExtensibilityGlobals) = postSolution
		SolutionGuid = {38EECD4C-EA97-4ED8-86AB-9AD2D180393F}
	EndGlobalSection
EndGlobal
